// !$*UTF8*$!
{
	archiveVersion = 1;
	classes = {
	};
	objectVersion = 55;
	objects = {

/* Begin PBXBuildFile section */
		6D387B9127389AEE002F406A /* ClearButton.swift in Sources */ = {isa = PBXBuildFile; fileRef = 6D387B9027389AEE002F406A /* ClearButton.swift */; };
		F53AE802273281FE009E9853 /* Color.swift in Sources */ = {isa = PBXBuildFile; fileRef = F53AE801273281FE009E9853 /* Color.swift */; };
		F53AE804273282A4009E9853 /* HeaderOnboarding.swift in Sources */ = {isa = PBXBuildFile; fileRef = F53AE803273282A4009E9853 /* HeaderOnboarding.swift */; };
		F53AE806273282BB009E9853 /* CardOnboarding.swift in Sources */ = {isa = PBXBuildFile; fileRef = F53AE805273282BB009E9853 /* CardOnboarding.swift */; };
		F53AE808273282D9009E9853 /* ButtonStartOnboarding.swift in Sources */ = {isa = PBXBuildFile; fileRef = F53AE807273282D9009E9853 /* ButtonStartOnboarding.swift */; };
		F53AE80A27328364009E9853 /* OnBoardingScene.swift in Sources */ = {isa = PBXBuildFile; fileRef = F53AE80927328364009E9853 /* OnBoardingScene.swift */; };
		F53AE80D27328AE7009E9853 /* PasteViewScene.swift in Sources */ = {isa = PBXBuildFile; fileRef = F53AE80C27328AE7009E9853 /* PasteViewScene.swift */; };
		F53AE80F27328B0B009E9853 /* HeaderView.swift in Sources */ = {isa = PBXBuildFile; fileRef = F53AE80E27328B0B009E9853 /* HeaderView.swift */; };
		F53AE81127328B1E009E9853 /* CopastView.swift in Sources */ = {isa = PBXBuildFile; fileRef = F53AE81027328B1E009E9853 /* CopastView.swift */; };
		F53AE81327328B32009E9853 /* StartSearchButton.swift in Sources */ = {isa = PBXBuildFile; fileRef = F53AE81227328B32009E9853 /* StartSearchButton.swift */; };
		F57ED64F272DBD960076DA18 /* APIYudistiraModel.swift in Sources */ = {isa = PBXBuildFile; fileRef = F57ED64E272DBD960076DA18 /* APIYudistiraModel.swift */; };
		F593A68E272FAEF800B065AB /* ApiServiceYudistira.swift in Sources */ = {isa = PBXBuildFile; fileRef = F593A68D272FAEF800B065AB /* ApiServiceYudistira.swift */; };
		F5D54A3E272102DE00FF8DE7 /* MacroAppApp.swift in Sources */ = {isa = PBXBuildFile; fileRef = F5D54A3D272102DE00FF8DE7 /* MacroAppApp.swift */; };
		F5D54A40272102DE00FF8DE7 /* MainView.swift in Sources */ = {isa = PBXBuildFile; fileRef = F5D54A3F272102DE00FF8DE7 /* MainView.swift */; };
		F5D54A42272102E100FF8DE7 /* Assets.xcassets in Resources */ = {isa = PBXBuildFile; fileRef = F5D54A41272102E100FF8DE7 /* Assets.xcassets */; };
		F5D54A45272102E100FF8DE7 /* Preview Assets.xcassets in Resources */ = {isa = PBXBuildFile; fileRef = F5D54A44272102E100FF8DE7 /* Preview Assets.xcassets */; };
		F5D54A47272102E100FF8DE7 /* Persistence.swift in Sources */ = {isa = PBXBuildFile; fileRef = F5D54A46272102E100FF8DE7 /* Persistence.swift */; };
		F5D54A4A272102E100FF8DE7 /* MacroApp.xcdatamodeld in Sources */ = {isa = PBXBuildFile; fileRef = F5D54A48272102E100FF8DE7 /* MacroApp.xcdatamodeld */; };
/* End PBXBuildFile section */

/* Begin PBXFileReference section */
		6D387B9027389AEE002F406A /* ClearButton.swift */ = {isa = PBXFileReference; lastKnownFileType = sourcecode.swift; path = ClearButton.swift; sourceTree = "<group>"; };
		F53AE801273281FE009E9853 /* Color.swift */ = {isa = PBXFileReference; lastKnownFileType = sourcecode.swift; path = Color.swift; sourceTree = "<group>"; };
		F53AE803273282A4009E9853 /* HeaderOnboarding.swift */ = {isa = PBXFileReference; lastKnownFileType = sourcecode.swift; path = HeaderOnboarding.swift; sourceTree = "<group>"; };
		F53AE805273282BB009E9853 /* CardOnboarding.swift */ = {isa = PBXFileReference; lastKnownFileType = sourcecode.swift; path = CardOnboarding.swift; sourceTree = "<group>"; };
		F53AE807273282D9009E9853 /* ButtonStartOnboarding.swift */ = {isa = PBXFileReference; lastKnownFileType = sourcecode.swift; path = ButtonStartOnboarding.swift; sourceTree = "<group>"; };
		F53AE80927328364009E9853 /* OnBoardingScene.swift */ = {isa = PBXFileReference; lastKnownFileType = sourcecode.swift; path = OnBoardingScene.swift; sourceTree = "<group>"; };
		F53AE80C27328AE7009E9853 /* PasteViewScene.swift */ = {isa = PBXFileReference; lastKnownFileType = sourcecode.swift; path = PasteViewScene.swift; sourceTree = "<group>"; };
		F53AE80E27328B0B009E9853 /* HeaderView.swift */ = {isa = PBXFileReference; lastKnownFileType = sourcecode.swift; path = HeaderView.swift; sourceTree = "<group>"; };
		F53AE81027328B1E009E9853 /* CopastView.swift */ = {isa = PBXFileReference; lastKnownFileType = sourcecode.swift; path = CopastView.swift; sourceTree = "<group>"; };
		F53AE81227328B32009E9853 /* StartSearchButton.swift */ = {isa = PBXFileReference; lastKnownFileType = sourcecode.swift; path = StartSearchButton.swift; sourceTree = "<group>"; };
		F57ED64E272DBD960076DA18 /* APIYudistiraModel.swift */ = {isa = PBXFileReference; lastKnownFileType = sourcecode.swift; path = APIYudistiraModel.swift; sourceTree = "<group>"; };
		F593A68D272FAEF800B065AB /* ApiServiceYudistira.swift */ = {isa = PBXFileReference; lastKnownFileType = sourcecode.swift; path = ApiServiceYudistira.swift; sourceTree = "<group>"; };
		F5D54A3A272102DE00FF8DE7 /* MacroApp.app */ = {isa = PBXFileReference; explicitFileType = wrapper.application; includeInIndex = 0; path = MacroApp.app; sourceTree = BUILT_PRODUCTS_DIR; };
		F5D54A3D272102DE00FF8DE7 /* MacroAppApp.swift */ = {isa = PBXFileReference; lastKnownFileType = sourcecode.swift; path = MacroAppApp.swift; sourceTree = "<group>"; };
		F5D54A3F272102DE00FF8DE7 /* MainView.swift */ = {isa = PBXFileReference; lastKnownFileType = sourcecode.swift; path = MainView.swift; sourceTree = "<group>"; };
		F5D54A41272102E100FF8DE7 /* Assets.xcassets */ = {isa = PBXFileReference; lastKnownFileType = folder.assetcatalog; path = Assets.xcassets; sourceTree = "<group>"; };
		F5D54A44272102E100FF8DE7 /* Preview Assets.xcassets */ = {isa = PBXFileReference; lastKnownFileType = folder.assetcatalog; path = "Preview Assets.xcassets"; sourceTree = "<group>"; };
		F5D54A46272102E100FF8DE7 /* Persistence.swift */ = {isa = PBXFileReference; lastKnownFileType = sourcecode.swift; path = Persistence.swift; sourceTree = "<group>"; };
		F5D54A49272102E100FF8DE7 /* MacroApp.xcdatamodel */ = {isa = PBXFileReference; lastKnownFileType = wrapper.xcdatamodel; path = MacroApp.xcdatamodel; sourceTree = "<group>"; };
/* End PBXFileReference section */

/* Begin PBXFrameworksBuildPhase section */
		F5D54A37272102DE00FF8DE7 /* Frameworks */ = {
			isa = PBXFrameworksBuildPhase;
			buildActionMask = 2147483647;
			files = (
			);
			runOnlyForDeploymentPostprocessing = 0;
		};
/* End PBXFrameworksBuildPhase section */

/* Begin PBXGroup section */
		F53AE800273281E0009E9853 /* Onboarding support */ = {
			isa = PBXGroup;
			children = (
				F53AE803273282A4009E9853 /* HeaderOnboarding.swift */,
				F53AE805273282BB009E9853 /* CardOnboarding.swift */,
				F53AE807273282D9009E9853 /* ButtonStartOnboarding.swift */,
			);
			path = "Onboarding support";
			sourceTree = "<group>";
		};
		F53AE80B27328ABA009E9853 /* PasteView support */ = {
			isa = PBXGroup;
			children = (
				F53AE80E27328B0B009E9853 /* HeaderView.swift */,
				F53AE81027328B1E009E9853 /* CopastView.swift */,
				F53AE81227328B32009E9853 /* StartSearchButton.swift */,
				6D387B9027389AEE002F406A /* ClearButton.swift */,
			);
			path = "PasteView support";
			sourceTree = "<group>";
		};
		F5D54A31272102DE00FF8DE7 = {
			isa = PBXGroup;
			children = (
				F5D54A3C272102DE00FF8DE7 /* MacroApp */,
				F5D54A3B272102DE00FF8DE7 /* Products */,
			);
			sourceTree = "<group>";
		};
		F5D54A3B272102DE00FF8DE7 /* Products */ = {
			isa = PBXGroup;
			children = (
				F5D54A3A272102DE00FF8DE7 /* MacroApp.app */,
			);
			name = Products;
			sourceTree = "<group>";
		};
		F5D54A3C272102DE00FF8DE7 /* MacroApp */ = {
			isa = PBXGroup;
			children = (
				F5D54A502721033300FF8DE7 /* Extensions */,
				F5D54A512721034300FF8DE7 /* Code */,
				F5D54A522721034D00FF8DE7 /* Utils */,
				F5D54A532721035500FF8DE7 /* Resources */,
				F5D54A46272102E100FF8DE7 /* Persistence.swift */,
				F5D54A48272102E100FF8DE7 /* MacroApp.xcdatamodeld */,
			);
			path = MacroApp;
			sourceTree = "<group>";
		};
		F5D54A43272102E100FF8DE7 /* Preview Content */ = {
			isa = PBXGroup;
			children = (
				F5D54A44272102E100FF8DE7 /* Preview Assets.xcassets */,
			);
			path = "Preview Content";
			sourceTree = "<group>";
		};
		F5D54A502721033300FF8DE7 /* Extensions */ = {
			isa = PBXGroup;
			children = (
				F53AE801273281FE009E9853 /* Color.swift */,
			);
			path = Extensions;
			sourceTree = "<group>";
		};
		F5D54A512721034300FF8DE7 /* Code */ = {
			isa = PBXGroup;
			children = (
				F5D54A542721037C00FF8DE7 /* Services */,
				F5D54A552721038600FF8DE7 /* Controllers */,
				F5D54A562721038F00FF8DE7 /* Views */,
				F5D54A572721039700FF8DE7 /* Models */,
			);
			path = Code;
			sourceTree = "<group>";
		};
		F5D54A522721034D00FF8DE7 /* Utils */ = {
			isa = PBXGroup;
			children = (
			);
			path = Utils;
			sourceTree = "<group>";
		};
		F5D54A532721035500FF8DE7 /* Resources */ = {
			isa = PBXGroup;
			children = (
				F5D54A41272102E100FF8DE7 /* Assets.xcassets */,
				F5D54A43272102E100FF8DE7 /* Preview Content */,
			);
			path = Resources;
			sourceTree = "<group>";
		};
		F5D54A542721037C00FF8DE7 /* Services */ = {
			isa = PBXGroup;
			children = (
				F593A68D272FAEF800B065AB /* ApiServiceYudistira.swift */,
			);
			path = Services;
			sourceTree = "<group>";
		};
		F5D54A552721038600FF8DE7 /* Controllers */ = {
			isa = PBXGroup;
			children = (
				F5D54A3D272102DE00FF8DE7 /* MacroAppApp.swift */,
			);
			path = Controllers;
			sourceTree = "<group>";
		};
		F5D54A562721038F00FF8DE7 /* Views */ = {
			isa = PBXGroup;
			children = (
				F5D54A582721054700FF8DE7 /* Support Views */,
				F5D54A3F272102DE00FF8DE7 /* MainView.swift */,
				F53AE80C27328AE7009E9853 /* PasteViewScene.swift */,
				F53AE80927328364009E9853 /* OnBoardingScene.swift */,
			);
			path = Views;
			sourceTree = "<group>";
		};
		F5D54A572721039700FF8DE7 /* Models */ = {
			isa = PBXGroup;
			children = (
				F57ED64E272DBD960076DA18 /* APIYudistiraModel.swift */,
			);
			path = Models;
			sourceTree = "<group>";
		};
		F5D54A582721054700FF8DE7 /* Support Views */ = {
			isa = PBXGroup;
			children = (
				F53AE80B27328ABA009E9853 /* PasteView support */,
				F53AE800273281E0009E9853 /* Onboarding support */,
			);
			path = "Support Views";
			sourceTree = "<group>";
		};
/* End PBXGroup section */

/* Begin PBXNativeTarget section */
		F5D54A39272102DE00FF8DE7 /* MacroApp */ = {
			isa = PBXNativeTarget;
			buildConfigurationList = F5D54A4D272102E100FF8DE7 /* Build configuration list for PBXNativeTarget "MacroApp" */;
			buildPhases = (
				F5D54A36272102DE00FF8DE7 /* Sources */,
				F5D54A37272102DE00FF8DE7 /* Frameworks */,
				F5D54A38272102DE00FF8DE7 /* Resources */,
			);
			buildRules = (
			);
			dependencies = (
			);
			name = MacroApp;
			productName = MacroApp;
			productReference = F5D54A3A272102DE00FF8DE7 /* MacroApp.app */;
			productType = "com.apple.product-type.application";
		};
/* End PBXNativeTarget section */

/* Begin PBXProject section */
		F5D54A32272102DE00FF8DE7 /* Project object */ = {
			isa = PBXProject;
			attributes = {
				BuildIndependentTargetsInParallel = 1;
				LastSwiftUpdateCheck = 1300;
				LastUpgradeCheck = 1300;
				TargetAttributes = {
					F5D54A39272102DE00FF8DE7 = {
						CreatedOnToolsVersion = 13.0;
					};
				};
			};
			buildConfigurationList = F5D54A35272102DE00FF8DE7 /* Build configuration list for PBXProject "MacroApp" */;
			compatibilityVersion = "Xcode 13.0";
			developmentRegion = en;
			hasScannedForEncodings = 0;
			knownRegions = (
				en,
				Base,
			);
			mainGroup = F5D54A31272102DE00FF8DE7;
			productRefGroup = F5D54A3B272102DE00FF8DE7 /* Products */;
			projectDirPath = "";
			projectRoot = "";
			targets = (
				F5D54A39272102DE00FF8DE7 /* MacroApp */,
			);
		};
/* End PBXProject section */

/* Begin PBXResourcesBuildPhase section */
		F5D54A38272102DE00FF8DE7 /* Resources */ = {
			isa = PBXResourcesBuildPhase;
			buildActionMask = 2147483647;
			files = (
				F5D54A45272102E100FF8DE7 /* Preview Assets.xcassets in Resources */,
				F5D54A42272102E100FF8DE7 /* Assets.xcassets in Resources */,
			);
			runOnlyForDeploymentPostprocessing = 0;
		};
/* End PBXResourcesBuildPhase section */

/* Begin PBXSourcesBuildPhase section */
		F5D54A36272102DE00FF8DE7 /* Sources */ = {
			isa = PBXSourcesBuildPhase;
			buildActionMask = 2147483647;
			files = (
				F5D54A4A272102E100FF8DE7 /* MacroApp.xcdatamodeld in Sources */,
				F53AE808273282D9009E9853 /* ButtonStartOnboarding.swift in Sources */,
				F5D54A47272102E100FF8DE7 /* Persistence.swift in Sources */,
				F53AE81127328B1E009E9853 /* CopastView.swift in Sources */,
				F53AE802273281FE009E9853 /* Color.swift in Sources */,
				F5D54A40272102DE00FF8DE7 /* MainView.swift in Sources */,
				F593A68E272FAEF800B065AB /* ApiServiceYudistira.swift in Sources */,
				F53AE804273282A4009E9853 /* HeaderOnboarding.swift in Sources */,
				F5D54A3E272102DE00FF8DE7 /* MacroAppApp.swift in Sources */,
				F53AE806273282BB009E9853 /* CardOnboarding.swift in Sources */,
				F53AE81327328B32009E9853 /* StartSearchButton.swift in Sources */,
				F53AE80D27328AE7009E9853 /* PasteViewScene.swift in Sources */,
				F53AE80A27328364009E9853 /* OnBoardingScene.swift in Sources */,
				F57ED64F272DBD960076DA18 /* APIYudistiraModel.swift in Sources */,
				F53AE80F27328B0B009E9853 /* HeaderView.swift in Sources */,
				6D387B9127389AEE002F406A /* ClearButton.swift in Sources */,
			);
			runOnlyForDeploymentPostprocessing = 0;
		};
/* End PBXSourcesBuildPhase section */

/* Begin XCBuildConfiguration section */
		F5D54A4B272102E100FF8DE7 /* Debug */ = {
			isa = XCBuildConfiguration;
			buildSettings = {
				ALWAYS_SEARCH_USER_PATHS = NO;
				CLANG_ANALYZER_NONNULL = YES;
				CLANG_ANALYZER_NUMBER_OBJECT_CONVERSION = YES_AGGRESSIVE;
				CLANG_CXX_LANGUAGE_STANDARD = "gnu++17";
				CLANG_CXX_LIBRARY = "libc++";
				CLANG_ENABLE_MODULES = YES;
				CLANG_ENABLE_OBJC_ARC = YES;
				CLANG_ENABLE_OBJC_WEAK = YES;
				CLANG_WARN_BLOCK_CAPTURE_AUTORELEASING = YES;
				CLANG_WARN_BOOL_CONVERSION = YES;
				CLANG_WARN_COMMA = YES;
				CLANG_WARN_CONSTANT_CONVERSION = YES;
				CLANG_WARN_DEPRECATED_OBJC_IMPLEMENTATIONS = YES;
				CLANG_WARN_DIRECT_OBJC_ISA_USAGE = YES_ERROR;
				CLANG_WARN_DOCUMENTATION_COMMENTS = YES;
				CLANG_WARN_EMPTY_BODY = YES;
				CLANG_WARN_ENUM_CONVERSION = YES;
				CLANG_WARN_INFINITE_RECURSION = YES;
				CLANG_WARN_INT_CONVERSION = YES;
				CLANG_WARN_NON_LITERAL_NULL_CONVERSION = YES;
				CLANG_WARN_OBJC_IMPLICIT_RETAIN_SELF = YES;
				CLANG_WARN_OBJC_LITERAL_CONVERSION = YES;
				CLANG_WARN_OBJC_ROOT_CLASS = YES_ERROR;
				CLANG_WARN_QUOTED_INCLUDE_IN_FRAMEWORK_HEADER = YES;
				CLANG_WARN_RANGE_LOOP_ANALYSIS = YES;
				CLANG_WARN_STRICT_PROTOTYPES = YES;
				CLANG_WARN_SUSPICIOUS_MOVE = YES;
				CLANG_WARN_UNGUARDED_AVAILABILITY = YES_AGGRESSIVE;
				CLANG_WARN_UNREACHABLE_CODE = YES;
				CLANG_WARN__DUPLICATE_METHOD_MATCH = YES;
				COPY_PHASE_STRIP = NO;
				DEBUG_INFORMATION_FORMAT = dwarf;
				ENABLE_STRICT_OBJC_MSGSEND = YES;
				ENABLE_TESTABILITY = YES;
				GCC_C_LANGUAGE_STANDARD = gnu11;
				GCC_DYNAMIC_NO_PIC = NO;
				GCC_NO_COMMON_BLOCKS = YES;
				GCC_OPTIMIZATION_LEVEL = 0;
				GCC_PREPROCESSOR_DEFINITIONS = (
					"DEBUG=1",
					"$(inherited)",
				);
				GCC_WARN_64_TO_32_BIT_CONVERSION = YES;
				GCC_WARN_ABOUT_RETURN_TYPE = YES_ERROR;
				GCC_WARN_UNDECLARED_SELECTOR = YES;
				GCC_WARN_UNINITIALIZED_AUTOS = YES_AGGRESSIVE;
				GCC_WARN_UNUSED_FUNCTION = YES;
				GCC_WARN_UNUSED_VARIABLE = YES;
				IPHONEOS_DEPLOYMENT_TARGET = 15.0;
				MTL_ENABLE_DEBUG_INFO = INCLUDE_SOURCE;
				MTL_FAST_MATH = YES;
				ONLY_ACTIVE_ARCH = YES;
				SDKROOT = iphoneos;
				SWIFT_ACTIVE_COMPILATION_CONDITIONS = DEBUG;
				SWIFT_OPTIMIZATION_LEVEL = "-Onone";
			};
			name = Debug;
		};
		F5D54A4C272102E100FF8DE7 /* Release */ = {
			isa = XCBuildConfiguration;
			buildSettings = {
				ALWAYS_SEARCH_USER_PATHS = NO;
				CLANG_ANALYZER_NONNULL = YES;
				CLANG_ANALYZER_NUMBER_OBJECT_CONVERSION = YES_AGGRESSIVE;
				CLANG_CXX_LANGUAGE_STANDARD = "gnu++17";
				CLANG_CXX_LIBRARY = "libc++";
				CLANG_ENABLE_MODULES = YES;
				CLANG_ENABLE_OBJC_ARC = YES;
				CLANG_ENABLE_OBJC_WEAK = YES;
				CLANG_WARN_BLOCK_CAPTURE_AUTORELEASING = YES;
				CLANG_WARN_BOOL_CONVERSION = YES;
				CLANG_WARN_COMMA = YES;
				CLANG_WARN_CONSTANT_CONVERSION = YES;
				CLANG_WARN_DEPRECATED_OBJC_IMPLEMENTATIONS = YES;
				CLANG_WARN_DIRECT_OBJC_ISA_USAGE = YES_ERROR;
				CLANG_WARN_DOCUMENTATION_COMMENTS = YES;
				CLANG_WARN_EMPTY_BODY = YES;
				CLANG_WARN_ENUM_CONVERSION = YES;
				CLANG_WARN_INFINITE_RECURSION = YES;
				CLANG_WARN_INT_CONVERSION = YES;
				CLANG_WARN_NON_LITERAL_NULL_CONVERSION = YES;
				CLANG_WARN_OBJC_IMPLICIT_RETAIN_SELF = YES;
				CLANG_WARN_OBJC_LITERAL_CONVERSION = YES;
				CLANG_WARN_OBJC_ROOT_CLASS = YES_ERROR;
				CLANG_WARN_QUOTED_INCLUDE_IN_FRAMEWORK_HEADER = YES;
				CLANG_WARN_RANGE_LOOP_ANALYSIS = YES;
				CLANG_WARN_STRICT_PROTOTYPES = YES;
				CLANG_WARN_SUSPICIOUS_MOVE = YES;
				CLANG_WARN_UNGUARDED_AVAILABILITY = YES_AGGRESSIVE;
				CLANG_WARN_UNREACHABLE_CODE = YES;
				CLANG_WARN__DUPLICATE_METHOD_MATCH = YES;
				COPY_PHASE_STRIP = NO;
				DEBUG_INFORMATION_FORMAT = "dwarf-with-dsym";
				ENABLE_NS_ASSERTIONS = NO;
				ENABLE_STRICT_OBJC_MSGSEND = YES;
				GCC_C_LANGUAGE_STANDARD = gnu11;
				GCC_NO_COMMON_BLOCKS = YES;
				GCC_WARN_64_TO_32_BIT_CONVERSION = YES;
				GCC_WARN_ABOUT_RETURN_TYPE = YES_ERROR;
				GCC_WARN_UNDECLARED_SELECTOR = YES;
				GCC_WARN_UNINITIALIZED_AUTOS = YES_AGGRESSIVE;
				GCC_WARN_UNUSED_FUNCTION = YES;
				GCC_WARN_UNUSED_VARIABLE = YES;
				IPHONEOS_DEPLOYMENT_TARGET = 15.0;
				MTL_ENABLE_DEBUG_INFO = NO;
				MTL_FAST_MATH = YES;
				SDKROOT = iphoneos;
				SWIFT_COMPILATION_MODE = wholemodule;
				SWIFT_OPTIMIZATION_LEVEL = "-O";
				VALIDATE_PRODUCT = YES;
			};
			name = Release;
		};
		F5D54A4E272102E100FF8DE7 /* Debug */ = {
			isa = XCBuildConfiguration;
			buildSettings = {
				ASSETCATALOG_COMPILER_APPICON_NAME = AppIcon;
				ASSETCATALOG_COMPILER_GLOBAL_ACCENT_COLOR_NAME = AccentColor;
				CODE_SIGN_STYLE = Automatic;
				CURRENT_PROJECT_VERSION = 1;
				DEVELOPMENT_ASSET_PATHS = "\"MacroApp/Resources/Preview Content\"";
				DEVELOPMENT_TEAM = JFAH6YB752;
				ENABLE_PREVIEWS = YES;
				GENERATE_INFOPLIST_FILE = YES;
				INFOPLIST_FILE = "";
				INFOPLIST_KEY_UIApplicationSceneManifest_Generation = YES;
				INFOPLIST_KEY_UIApplicationSupportsIndirectInputEvents = YES;
				INFOPLIST_KEY_UILaunchScreen_Generation = YES;
				INFOPLIST_KEY_UISupportedInterfaceOrientations_iPad = "UIInterfaceOrientationPortrait UIInterfaceOrientationPortraitUpsideDown UIInterfaceOrientationLandscapeLeft UIInterfaceOrientationLandscapeRight";
				INFOPLIST_KEY_UISupportedInterfaceOrientations_iPhone = "UIInterfaceOrientationPortrait UIInterfaceOrientationLandscapeLeft UIInterfaceOrientationLandscapeRight";
				IPHONEOS_DEPLOYMENT_TARGET = 14.0;
				LD_RUNPATH_SEARCH_PATHS = (
					"$(inherited)",
					"@executable_path/Frameworks",
				);
				MARKETING_VERSION = 1.0;
				PRODUCT_BUNDLE_IDENTIFIER = id.infiniteLearning.MacroApp;
				PRODUCT_NAME = "$(TARGET_NAME)";
				SWIFT_EMIT_LOC_STRINGS = YES;
				SWIFT_VERSION = 5.0;
				TARGETED_DEVICE_FAMILY = "1,2";
			};
			name = Debug;
		};
		F5D54A4F272102E100FF8DE7 /* Release */ = {
			isa = XCBuildConfiguration;
			buildSettings = {
				ASSETCATALOG_COMPILER_APPICON_NAME = AppIcon;
				ASSETCATALOG_COMPILER_GLOBAL_ACCENT_COLOR_NAME = AccentColor;
				CODE_SIGN_STYLE = Automatic;
				CURRENT_PROJECT_VERSION = 1;
				DEVELOPMENT_ASSET_PATHS = "\"MacroApp/Resources/Preview Content\"";
				DEVELOPMENT_TEAM = JFAH6YB752;
				ENABLE_PREVIEWS = YES;
				GENERATE_INFOPLIST_FILE = YES;
				INFOPLIST_FILE = "";
				INFOPLIST_KEY_UIApplicationSceneManifest_Generation = YES;
				INFOPLIST_KEY_UIApplicationSupportsIndirectInputEvents = YES;
				INFOPLIST_KEY_UILaunchScreen_Generation = YES;
				INFOPLIST_KEY_UISupportedInterfaceOrientations_iPad = "UIInterfaceOrientationPortrait UIInterfaceOrientationPortraitUpsideDown UIInterfaceOrientationLandscapeLeft UIInterfaceOrientationLandscapeRight";
				INFOPLIST_KEY_UISupportedInterfaceOrientations_iPhone = "UIInterfaceOrientationPortrait UIInterfaceOrientationLandscapeLeft UIInterfaceOrientationLandscapeRight";
				IPHONEOS_DEPLOYMENT_TARGET = 14.0;
				LD_RUNPATH_SEARCH_PATHS = (
					"$(inherited)",
					"@executable_path/Frameworks",
				);
				MARKETING_VERSION = 1.0;
				PRODUCT_BUNDLE_IDENTIFIER = id.infiniteLearning.MacroApp;
				PRODUCT_NAME = "$(TARGET_NAME)";
				SWIFT_EMIT_LOC_STRINGS = YES;
				SWIFT_VERSION = 5.0;
				TARGETED_DEVICE_FAMILY = "1,2";
			};
			name = Release;
		};
/* End XCBuildConfiguration section */

/* Begin XCConfigurationList section */
		F5D54A35272102DE00FF8DE7 /* Build configuration list for PBXProject "MacroApp" */ = {
			isa = XCConfigurationList;
			buildConfigurations = (
				F5D54A4B272102E100FF8DE7 /* Debug */,
				F5D54A4C272102E100FF8DE7 /* Release */,
			);
			defaultConfigurationIsVisible = 0;
			defaultConfigurationName = Release;
		};
		F5D54A4D272102E100FF8DE7 /* Build configuration list for PBXNativeTarget "MacroApp" */ = {
			isa = XCConfigurationList;
			buildConfigurations = (
				F5D54A4E272102E100FF8DE7 /* Debug */,
				F5D54A4F272102E100FF8DE7 /* Release */,
			);
			defaultConfigurationIsVisible = 0;
			defaultConfigurationName = Release;
		};
/* End XCConfigurationList section */

/* Begin XCVersionGroup section */
		F5D54A48272102E100FF8DE7 /* MacroApp.xcdatamodeld */ = {
			isa = XCVersionGroup;
			children = (
				F5D54A49272102E100FF8DE7 /* MacroApp.xcdatamodel */,
			);
			currentVersion = F5D54A49272102E100FF8DE7 /* MacroApp.xcdatamodel */;
			path = MacroApp.xcdatamodeld;
			sourceTree = "<group>";
			versionGroupType = wrapper.xcdatamodel;
		};
/* End XCVersionGroup section */
	};
	rootObject = F5D54A32272102DE00FF8DE7 /* Project object */;
}
