// !$*UTF8*$!
{
	archiveVersion = 1;
	classes = {
	};
	objectVersion = 55;
	objects = {

/* Begin PBXBuildFile section */
		6D387B9127389AEE002F406A /* ClearButton.swift in Sources */ = {isa = PBXBuildFile; fileRef = 6D387B9027389AEE002F406A /* ClearButton.swift */; };
		6D4A3A4627446F5D00958B4E /* APIGoogleModel.swift in Sources */ = {isa = PBXBuildFile; fileRef = 6D4A3A4527446F5D00958B4E /* APIGoogleModel.swift */; };
		6D4A3A482744700300958B4E /* ApiServiceGoogle.swift in Sources */ = {isa = PBXBuildFile; fileRef = 6D4A3A472744700300958B4E /* ApiServiceGoogle.swift */; };
		F53AE802273281FE009E9853 /* Color.swift in Sources */ = {isa = PBXBuildFile; fileRef = F53AE801273281FE009E9853 /* Color.swift */; };
		F53AE804273282A4009E9853 /* HeaderOnboarding.swift in Sources */ = {isa = PBXBuildFile; fileRef = F53AE803273282A4009E9853 /* HeaderOnboarding.swift */; };
		F53AE806273282BB009E9853 /* CardOnboarding.swift in Sources */ = {isa = PBXBuildFile; fileRef = F53AE805273282BB009E9853 /* CardOnboarding.swift */; };
		F53AE808273282D9009E9853 /* ButtonStartOnboarding.swift in Sources */ = {isa = PBXBuildFile; fileRef = F53AE807273282D9009E9853 /* ButtonStartOnboarding.swift */; };
		F53AE80A27328364009E9853 /* OnBoardingScene.swift in Sources */ = {isa = PBXBuildFile; fileRef = F53AE80927328364009E9853 /* OnBoardingScene.swift */; };
		F53AE80D27328AE7009E9853 /* PasteViewScene.swift in Sources */ = {isa = PBXBuildFile; fileRef = F53AE80C27328AE7009E9853 /* PasteViewScene.swift */; };
		F53AE80F27328B0B009E9853 /* HeaderView.swift in Sources */ = {isa = PBXBuildFile; fileRef = F53AE80E27328B0B009E9853 /* HeaderView.swift */; };
		F53AE81127328B1E009E9853 /* CopastView.swift in Sources */ = {isa = PBXBuildFile; fileRef = F53AE81027328B1E009E9853 /* CopastView.swift */; };
		F53AE81327328B32009E9853 /* StartSearchButton.swift in Sources */ = {isa = PBXBuildFile; fileRef = F53AE81227328B32009E9853 /* StartSearchButton.swift */; };
		F53AE8162732D76E009E9853 /* SearchListView.swift in Sources */ = {isa = PBXBuildFile; fileRef = F53AE8152732D76E009E9853 /* SearchListView.swift */; };
		F53AE8182732DE3D009E9853 /* DummyApiService.swift in Sources */ = {isa = PBXBuildFile; fileRef = F53AE8172732DE3D009E9853 /* DummyApiService.swift */; };
		F53AE81A2732DFF6009E9853 /* URLImage.swift in Sources */ = {isa = PBXBuildFile; fileRef = F53AE8192732DFF6009E9853 /* URLImage.swift */; };
		F53AE81F2732ECEF009E9853 /* NewsAPIModel.swift in Sources */ = {isa = PBXBuildFile; fileRef = F53AE81E2732ECEF009E9853 /* NewsAPIModel.swift */; };
		F53AE8212732EEEC009E9853 /* NewsApiService.swift in Sources */ = {isa = PBXBuildFile; fileRef = F53AE8202732EEEC009E9853 /* NewsApiService.swift */; };
		F53AE8242733971F009E9853 /* DummyListView.swift in Sources */ = {isa = PBXBuildFile; fileRef = F53AE8232733971F009E9853 /* DummyListView.swift */; };
		F53AE82627339888009E9853 /* DummyListSupport.swift in Sources */ = {isa = PBXBuildFile; fileRef = F53AE82527339888009E9853 /* DummyListSupport.swift */; };
		F53AE8282733A85E009E9853 /* DetailViewSupport.swift in Sources */ = {isa = PBXBuildFile; fileRef = F53AE8272733A85E009E9853 /* DetailViewSupport.swift */; };
		F53AE82A273412D6009E9853 /* DateFormatter.swift in Sources */ = {isa = PBXBuildFile; fileRef = F53AE829273412D6009E9853 /* DateFormatter.swift */; };
		F5645BB927400B1200D5859E /* SwiftUINavigationBarStyling in Frameworks */ = {isa = PBXBuildFile; productRef = F5645BB827400B1200D5859E /* SwiftUINavigationBarStyling */; };
		F5645BBB27400F4B00D5859E /* LabelMafindo.swift in Sources */ = {isa = PBXBuildFile; fileRef = F5645BBA27400F4B00D5859E /* LabelMafindo.swift */; };
		F5645BBD27402AF100D5859E /* RoundedExtension.swift in Sources */ = {isa = PBXBuildFile; fileRef = F5645BBC27402AF100D5859E /* RoundedExtension.swift */; };
		F5645BC0274052A500D5859E /* TopListDetailView.swift in Sources */ = {isa = PBXBuildFile; fileRef = F5645BBF274052A500D5859E /* TopListDetailView.swift */; };
		F5645BC3274077E400D5859E /* LaunchScreen.swift in Sources */ = {isa = PBXBuildFile; fileRef = F5645BC2274077E400D5859E /* LaunchScreen.swift */; };
		F5645BEA2743E3A500D5859E /* OfflineStateView.swift in Sources */ = {isa = PBXBuildFile; fileRef = F5645BE92743E3A400D5859E /* OfflineStateView.swift */; };
		F5645BEC2743E67000D5859E /* NotfoundStateView.swift in Sources */ = {isa = PBXBuildFile; fileRef = F5645BEB2743E67000D5859E /* NotfoundStateView.swift */; };
		F5645BEF2743E8B300D5859E /* SearchEngineButton.swift in Sources */ = {isa = PBXBuildFile; fileRef = F5645BEE2743E8B300D5859E /* SearchEngineButton.swift */; };
		F57ED64F272DBD960076DA18 /* APIYudistiraModel.swift in Sources */ = {isa = PBXBuildFile; fileRef = F57ED64E272DBD960076DA18 /* APIYudistiraModel.swift */; };
		F593A68E272FAEF800B065AB /* ApiServiceYudistira.swift in Sources */ = {isa = PBXBuildFile; fileRef = F593A68D272FAEF800B065AB /* ApiServiceYudistira.swift */; };
		F5B61CBF2738F21E00F1EF38 /* YudistiraListViewSupport.swift in Sources */ = {isa = PBXBuildFile; fileRef = F5B61CBE2738F21D00F1EF38 /* YudistiraListViewSupport.swift */; };
		F5B61CC12738F23900F1EF38 /* ListDetailViewSupport.swift in Sources */ = {isa = PBXBuildFile; fileRef = F5B61CC02738F23900F1EF38 /* ListDetailViewSupport.swift */; };
		F5B61CC327395A8100F1EF38 /* YudistiraListView.swift in Sources */ = {isa = PBXBuildFile; fileRef = F5B61CC227395A8100F1EF38 /* YudistiraListView.swift */; };
		F5B61CC527395C5000F1EF38 /* NewsYudistiraModel.swift in Sources */ = {isa = PBXBuildFile; fileRef = F5B61CC427395C5000F1EF38 /* NewsYudistiraModel.swift */; };
		F5CF72AD27464CB6008BBB77 /* tf_idf.swift in Sources */ = {isa = PBXBuildFile; fileRef = F5CF72AC27464CB6008BBB77 /* tf_idf.swift */; };
		F5D54A3E272102DE00FF8DE7 /* MacroAppApp.swift in Sources */ = {isa = PBXBuildFile; fileRef = F5D54A3D272102DE00FF8DE7 /* MacroAppApp.swift */; };
		F5D54A40272102DE00FF8DE7 /* MainView.swift in Sources */ = {isa = PBXBuildFile; fileRef = F5D54A3F272102DE00FF8DE7 /* MainView.swift */; };
		F5D54A42272102E100FF8DE7 /* Assets.xcassets in Resources */ = {isa = PBXBuildFile; fileRef = F5D54A41272102E100FF8DE7 /* Assets.xcassets */; };
		F5D54A45272102E100FF8DE7 /* Preview Assets.xcassets in Resources */ = {isa = PBXBuildFile; fileRef = F5D54A44272102E100FF8DE7 /* Preview Assets.xcassets */; };
		F5D54A47272102E100FF8DE7 /* Persistence.swift in Sources */ = {isa = PBXBuildFile; fileRef = F5D54A46272102E100FF8DE7 /* Persistence.swift */; };
		F5D54A4A272102E100FF8DE7 /* MacroApp.xcdatamodeld in Sources */ = {isa = PBXBuildFile; fileRef = F5D54A48272102E100FF8DE7 /* MacroApp.xcdatamodeld */; };
		F5E504A1273D3A850088FDE1 /* CustomTextEditor.swift in Sources */ = {isa = PBXBuildFile; fileRef = F5E504A0273D3A850088FDE1 /* CustomTextEditor.swift */; };
		F5E504A3273D65050088FDE1 /* Theme.swift in Sources */ = {isa = PBXBuildFile; fileRef = F5E504A2273D65050088FDE1 /* Theme.swift */; };
		F5EF6CE5273A615500693636 /* Shimmer in Frameworks */ = {isa = PBXBuildFile; productRef = F5EF6CE4273A615500693636 /* Shimmer */; };
/* End PBXBuildFile section */

/* Begin PBXFileReference section */
		61057E017D6A5E501E5DB495 /* Pods_MacroApp.framework */ = {isa = PBXFileReference; explicitFileType = wrapper.framework; includeInIndex = 0; path = Pods_MacroApp.framework; sourceTree = BUILT_PRODUCTS_DIR; };
		6D387B9027389AEE002F406A /* ClearButton.swift */ = {isa = PBXFileReference; lastKnownFileType = sourcecode.swift; path = ClearButton.swift; sourceTree = "<group>"; };
		6D4A3A4527446F5D00958B4E /* APIGoogleModel.swift */ = {isa = PBXFileReference; lastKnownFileType = sourcecode.swift; path = APIGoogleModel.swift; sourceTree = "<group>"; };
		6D4A3A472744700300958B4E /* ApiServiceGoogle.swift */ = {isa = PBXFileReference; lastKnownFileType = sourcecode.swift; path = ApiServiceGoogle.swift; sourceTree = "<group>"; };
		BEE1CD981035C37D840A3069 /* Pods-MacroApp.release.xcconfig */ = {isa = PBXFileReference; includeInIndex = 1; lastKnownFileType = text.xcconfig; name = "Pods-MacroApp.release.xcconfig"; path = "Target Support Files/Pods-MacroApp/Pods-MacroApp.release.xcconfig"; sourceTree = "<group>"; };
		F53AE801273281FE009E9853 /* Color.swift */ = {isa = PBXFileReference; lastKnownFileType = sourcecode.swift; path = Color.swift; sourceTree = "<group>"; };
		F53AE803273282A4009E9853 /* HeaderOnboarding.swift */ = {isa = PBXFileReference; lastKnownFileType = sourcecode.swift; path = HeaderOnboarding.swift; sourceTree = "<group>"; };
		F53AE805273282BB009E9853 /* CardOnboarding.swift */ = {isa = PBXFileReference; lastKnownFileType = sourcecode.swift; path = CardOnboarding.swift; sourceTree = "<group>"; };
		F53AE807273282D9009E9853 /* ButtonStartOnboarding.swift */ = {isa = PBXFileReference; lastKnownFileType = sourcecode.swift; path = ButtonStartOnboarding.swift; sourceTree = "<group>"; };
		F53AE80927328364009E9853 /* OnBoardingScene.swift */ = {isa = PBXFileReference; lastKnownFileType = sourcecode.swift; path = OnBoardingScene.swift; sourceTree = "<group>"; };
		F53AE80C27328AE7009E9853 /* PasteViewScene.swift */ = {isa = PBXFileReference; lastKnownFileType = sourcecode.swift; path = PasteViewScene.swift; sourceTree = "<group>"; };
		F53AE80E27328B0B009E9853 /* HeaderView.swift */ = {isa = PBXFileReference; lastKnownFileType = sourcecode.swift; path = HeaderView.swift; sourceTree = "<group>"; };
		F53AE81027328B1E009E9853 /* CopastView.swift */ = {isa = PBXFileReference; lastKnownFileType = sourcecode.swift; path = CopastView.swift; sourceTree = "<group>"; };
		F53AE81227328B32009E9853 /* StartSearchButton.swift */ = {isa = PBXFileReference; lastKnownFileType = sourcecode.swift; path = StartSearchButton.swift; sourceTree = "<group>"; };
		F53AE8152732D76E009E9853 /* SearchListView.swift */ = {isa = PBXFileReference; lastKnownFileType = sourcecode.swift; path = SearchListView.swift; sourceTree = "<group>"; };
		F53AE8172732DE3D009E9853 /* DummyApiService.swift */ = {isa = PBXFileReference; lastKnownFileType = sourcecode.swift; path = DummyApiService.swift; sourceTree = "<group>"; };
		F53AE8192732DFF6009E9853 /* URLImage.swift */ = {isa = PBXFileReference; lastKnownFileType = sourcecode.swift; path = URLImage.swift; sourceTree = "<group>"; };
		F53AE81D2732EC90009E9853 /* Info.plist */ = {isa = PBXFileReference; lastKnownFileType = text.plist; path = Info.plist; sourceTree = "<group>"; };
		F53AE81E2732ECEF009E9853 /* NewsAPIModel.swift */ = {isa = PBXFileReference; lastKnownFileType = sourcecode.swift; path = NewsAPIModel.swift; sourceTree = "<group>"; };
		F53AE8202732EEEC009E9853 /* NewsApiService.swift */ = {isa = PBXFileReference; lastKnownFileType = sourcecode.swift; path = NewsApiService.swift; sourceTree = "<group>"; };
		F53AE8232733971F009E9853 /* DummyListView.swift */ = {isa = PBXFileReference; lastKnownFileType = sourcecode.swift; path = DummyListView.swift; sourceTree = "<group>"; };
		F53AE82527339888009E9853 /* DummyListSupport.swift */ = {isa = PBXFileReference; lastKnownFileType = sourcecode.swift; path = DummyListSupport.swift; sourceTree = "<group>"; };
		F53AE8272733A85E009E9853 /* DetailViewSupport.swift */ = {isa = PBXFileReference; lastKnownFileType = sourcecode.swift; path = DetailViewSupport.swift; sourceTree = "<group>"; };
		F53AE829273412D6009E9853 /* DateFormatter.swift */ = {isa = PBXFileReference; lastKnownFileType = sourcecode.swift; path = DateFormatter.swift; sourceTree = "<group>"; };
		F5645BBA27400F4B00D5859E /* LabelMafindo.swift */ = {isa = PBXFileReference; lastKnownFileType = sourcecode.swift; path = LabelMafindo.swift; sourceTree = "<group>"; };
		F5645BBC27402AF100D5859E /* RoundedExtension.swift */ = {isa = PBXFileReference; lastKnownFileType = sourcecode.swift; path = RoundedExtension.swift; sourceTree = "<group>"; };
		F5645BBF274052A500D5859E /* TopListDetailView.swift */ = {isa = PBXFileReference; lastKnownFileType = sourcecode.swift; path = TopListDetailView.swift; sourceTree = "<group>"; };
		F5645BC2274077E400D5859E /* LaunchScreen.swift */ = {isa = PBXFileReference; lastKnownFileType = sourcecode.swift; path = LaunchScreen.swift; sourceTree = "<group>"; };
		F5645BE92743E3A400D5859E /* OfflineStateView.swift */ = {isa = PBXFileReference; lastKnownFileType = sourcecode.swift; path = OfflineStateView.swift; sourceTree = "<group>"; };
		F5645BEB2743E67000D5859E /* NotfoundStateView.swift */ = {isa = PBXFileReference; lastKnownFileType = sourcecode.swift; path = NotfoundStateView.swift; sourceTree = "<group>"; };
		F5645BEE2743E8B300D5859E /* SearchEngineButton.swift */ = {isa = PBXFileReference; lastKnownFileType = sourcecode.swift; path = SearchEngineButton.swift; sourceTree = "<group>"; };
		F57ED64E272DBD960076DA18 /* APIYudistiraModel.swift */ = {isa = PBXFileReference; lastKnownFileType = sourcecode.swift; path = APIYudistiraModel.swift; sourceTree = "<group>"; };
		F593A68D272FAEF800B065AB /* ApiServiceYudistira.swift */ = {isa = PBXFileReference; lastKnownFileType = sourcecode.swift; path = ApiServiceYudistira.swift; sourceTree = "<group>"; };
		F5B61CBE2738F21D00F1EF38 /* YudistiraListViewSupport.swift */ = {isa = PBXFileReference; lastKnownFileType = sourcecode.swift; path = YudistiraListViewSupport.swift; sourceTree = "<group>"; };
		F5B61CC02738F23900F1EF38 /* ListDetailViewSupport.swift */ = {isa = PBXFileReference; lastKnownFileType = sourcecode.swift; path = ListDetailViewSupport.swift; sourceTree = "<group>"; };
		F5B61CC227395A8100F1EF38 /* YudistiraListView.swift */ = {isa = PBXFileReference; lastKnownFileType = sourcecode.swift; path = YudistiraListView.swift; sourceTree = "<group>"; };
		F5B61CC427395C5000F1EF38 /* NewsYudistiraModel.swift */ = {isa = PBXFileReference; lastKnownFileType = sourcecode.swift; path = NewsYudistiraModel.swift; sourceTree = "<group>"; };
		F5CF72AC27464CB6008BBB77 /* tf_idf.swift */ = {isa = PBXFileReference; fileEncoding = 4; lastKnownFileType = sourcecode.swift; path = tf_idf.swift; sourceTree = "<group>"; };
		F5D54A3A272102DE00FF8DE7 /* MacroApp.app */ = {isa = PBXFileReference; explicitFileType = wrapper.application; includeInIndex = 0; path = MacroApp.app; sourceTree = BUILT_PRODUCTS_DIR; };
		F5D54A3D272102DE00FF8DE7 /* MacroAppApp.swift */ = {isa = PBXFileReference; lastKnownFileType = sourcecode.swift; path = MacroAppApp.swift; sourceTree = "<group>"; };
		F5D54A3F272102DE00FF8DE7 /* MainView.swift */ = {isa = PBXFileReference; lastKnownFileType = sourcecode.swift; path = MainView.swift; sourceTree = "<group>"; };
		F5D54A41272102E100FF8DE7 /* Assets.xcassets */ = {isa = PBXFileReference; lastKnownFileType = folder.assetcatalog; path = Assets.xcassets; sourceTree = "<group>"; };
		F5D54A44272102E100FF8DE7 /* Preview Assets.xcassets */ = {isa = PBXFileReference; lastKnownFileType = folder.assetcatalog; path = "Preview Assets.xcassets"; sourceTree = "<group>"; };
		F5D54A46272102E100FF8DE7 /* Persistence.swift */ = {isa = PBXFileReference; lastKnownFileType = sourcecode.swift; path = Persistence.swift; sourceTree = "<group>"; };
		F5D54A49272102E100FF8DE7 /* MacroApp.xcdatamodel */ = {isa = PBXFileReference; lastKnownFileType = wrapper.xcdatamodel; path = MacroApp.xcdatamodel; sourceTree = "<group>"; };
		F5E504A0273D3A850088FDE1 /* CustomTextEditor.swift */ = {isa = PBXFileReference; lastKnownFileType = sourcecode.swift; path = CustomTextEditor.swift; sourceTree = "<group>"; };
		F5E504A2273D65050088FDE1 /* Theme.swift */ = {isa = PBXFileReference; lastKnownFileType = sourcecode.swift; path = Theme.swift; sourceTree = "<group>"; };
		FC88C803D73D6DA6AD292E25 /* Pods-MacroApp.debug.xcconfig */ = {isa = PBXFileReference; includeInIndex = 1; lastKnownFileType = text.xcconfig; name = "Pods-MacroApp.debug.xcconfig"; path = "Target Support Files/Pods-MacroApp/Pods-MacroApp.debug.xcconfig"; sourceTree = "<group>"; };
/* End PBXFileReference section */

/* Begin PBXFrameworksBuildPhase section */
		F5D54A37272102DE00FF8DE7 /* Frameworks */ = {
			isa = PBXFrameworksBuildPhase;
			buildActionMask = 2147483647;
			files = (
				F5EF6CE5273A615500693636 /* Shimmer in Frameworks */,
				F5645BB927400B1200D5859E /* SwiftUINavigationBarStyling in Frameworks */,
			);
			runOnlyForDeploymentPostprocessing = 0;
		};
/* End PBXFrameworksBuildPhase section */

/* Begin PBXGroup section */
		398AC3E6EB7F343180CBA9E9 /* Pods */ = {
			isa = PBXGroup;
			children = (
				FC88C803D73D6DA6AD292E25 /* Pods-MacroApp.debug.xcconfig */,
				BEE1CD981035C37D840A3069 /* Pods-MacroApp.release.xcconfig */,
			);
			path = Pods;
			sourceTree = "<group>";
		};
		F53AE800273281E0009E9853 /* Onboarding support */ = {
			isa = PBXGroup;
			children = (
				F53AE803273282A4009E9853 /* HeaderOnboarding.swift */,
				F53AE805273282BB009E9853 /* CardOnboarding.swift */,
				F53AE807273282D9009E9853 /* ButtonStartOnboarding.swift */,
			);
			path = "Onboarding support";
			sourceTree = "<group>";
		};
		F53AE80B27328ABA009E9853 /* Paste View support */ = {
			isa = PBXGroup;
			children = (
				F53AE80E27328B0B009E9853 /* HeaderView.swift */,
				F53AE81027328B1E009E9853 /* CopastView.swift */,
				F53AE81227328B32009E9853 /* StartSearchButton.swift */,
				6D387B9027389AEE002F406A /* ClearButton.swift */,
				F5E504A0273D3A850088FDE1 /* CustomTextEditor.swift */,
			);
			path = "Paste View support";
			sourceTree = "<group>";
		};
		F53AE8142732D734009E9853 /* Dummy ListView Support */ = {
			isa = PBXGroup;
			children = (
				F53AE8192732DFF6009E9853 /* URLImage.swift */,
				F53AE82527339888009E9853 /* DummyListSupport.swift */,
				F53AE8272733A85E009E9853 /* DetailViewSupport.swift */,
			);
			path = "Dummy ListView Support";
			sourceTree = "<group>";
		};
		F53AE82227337D53009E9853 /* Frameworks */ = {
			isa = PBXGroup;
			children = (
				61057E017D6A5E501E5DB495 /* Pods_MacroApp.framework */,
			);
			name = Frameworks;
			sourceTree = "<group>";
		};
		F5645BBE2740528000D5859E /* Detail View support */ = {
			isa = PBXGroup;
			children = (
				F5B61CC02738F23900F1EF38 /* ListDetailViewSupport.swift */,
				F5645BBF274052A500D5859E /* TopListDetailView.swift */,
			);
			path = "Detail View support";
			sourceTree = "<group>";
		};
		F5645BC1274077CD00D5859E /* Launch */ = {
			isa = PBXGroup;
			children = (
				F5645BC2274077E400D5859E /* LaunchScreen.swift */,
			);
			path = Launch;
			sourceTree = "<group>";
		};
		F5645BE62743E1BE00D5859E /* Dummy page */ = {
			isa = PBXGroup;
			children = (
				F53AE8152732D76E009E9853 /* SearchListView.swift */,
				F53AE8232733971F009E9853 /* DummyListView.swift */,
			);
			path = "Dummy page";
			sourceTree = "<group>";
		};
		F5645BE72743E1E000D5859E /* Dummy models */ = {
			isa = PBXGroup;
			children = (
				F53AE81E2732ECEF009E9853 /* NewsAPIModel.swift */,
			);
			path = "Dummy models";
			sourceTree = "<group>";
		};
		F5645BE82743E20200D5859E /* Dummy services */ = {
			isa = PBXGroup;
			children = (
				F53AE8172732DE3D009E9853 /* DummyApiService.swift */,
				F53AE8202732EEEC009E9853 /* NewsApiService.swift */,
			);
			path = "Dummy services";
			sourceTree = "<group>";
		};
		F5645BED2743E87E00D5859E /* Notfound State support */ = {
			isa = PBXGroup;
			children = (
				F5645BEE2743E8B300D5859E /* SearchEngineButton.swift */,
			);
			path = "Notfound State support";
			sourceTree = "<group>";
		};
		F5B61CBD2738F1DF00F1EF38 /* List View support */ = {
			isa = PBXGroup;
			children = (
				F5B61CBE2738F21D00F1EF38 /* YudistiraListViewSupport.swift */,
				F5645BBA27400F4B00D5859E /* LabelMafindo.swift */,
			);
			path = "List View support";
			sourceTree = "<group>";
		};
		F5D54A31272102DE00FF8DE7 = {
			isa = PBXGroup;
			children = (
				F5D54A3C272102DE00FF8DE7 /* MacroApp */,
				F5D54A3B272102DE00FF8DE7 /* Products */,
				F53AE82227337D53009E9853 /* Frameworks */,
				398AC3E6EB7F343180CBA9E9 /* Pods */,
			);
			sourceTree = "<group>";
		};
		F5D54A3B272102DE00FF8DE7 /* Products */ = {
			isa = PBXGroup;
			children = (
				F5D54A3A272102DE00FF8DE7 /* MacroApp.app */,
			);
			name = Products;
			sourceTree = "<group>";
		};
		F5D54A3C272102DE00FF8DE7 /* MacroApp */ = {
			isa = PBXGroup;
			children = (
				F53AE81D2732EC90009E9853 /* Info.plist */,
				F5D54A502721033300FF8DE7 /* Extensions */,
				F5D54A512721034300FF8DE7 /* Code */,
				F5D54A522721034D00FF8DE7 /* Utils */,
				F5D54A532721035500FF8DE7 /* Resources */,
				F5D54A46272102E100FF8DE7 /* Persistence.swift */,
				F5D54A48272102E100FF8DE7 /* MacroApp.xcdatamodeld */,
			);
			path = MacroApp;
			sourceTree = "<group>";
		};
		F5D54A43272102E100FF8DE7 /* Preview Content */ = {
			isa = PBXGroup;
			children = (
				F5D54A44272102E100FF8DE7 /* Preview Assets.xcassets */,
			);
			path = "Preview Content";
			sourceTree = "<group>";
		};
		F5D54A502721033300FF8DE7 /* Extensions */ = {
			isa = PBXGroup;
			children = (
				F53AE801273281FE009E9853 /* Color.swift */,
				F53AE829273412D6009E9853 /* DateFormatter.swift */,
				F5E504A2273D65050088FDE1 /* Theme.swift */,
				F5645BBC27402AF100D5859E /* RoundedExtension.swift */,
			);
			path = Extensions;
			sourceTree = "<group>";
		};
		F5D54A512721034300FF8DE7 /* Code */ = {
			isa = PBXGroup;
			children = (
				F5D54A542721037C00FF8DE7 /* Services */,
				F5D54A552721038600FF8DE7 /* Controllers */,
				F5D54A562721038F00FF8DE7 /* Views */,
				F5D54A572721039700FF8DE7 /* Models */,
			);
			path = Code;
			sourceTree = "<group>";
		};
		F5D54A522721034D00FF8DE7 /* Utils */ = {
			isa = PBXGroup;
			children = (
				F5CF72AC27464CB6008BBB77 /* tf_idf.swift */,
			);
			path = Utils;
			sourceTree = "<group>";
		};
		F5D54A532721035500FF8DE7 /* Resources */ = {
			isa = PBXGroup;
			children = (
				F5D54A41272102E100FF8DE7 /* Assets.xcassets */,
				F5D54A43272102E100FF8DE7 /* Preview Content */,
			);
			path = Resources;
			sourceTree = "<group>";
		};
		F5D54A542721037C00FF8DE7 /* Services */ = {
			isa = PBXGroup;
			children = (
				F5645BE82743E20200D5859E /* Dummy services */,
				F593A68D272FAEF800B065AB /* ApiServiceYudistira.swift */,
				6D4A3A472744700300958B4E /* ApiServiceGoogle.swift */,
			);
			path = Services;
			sourceTree = "<group>";
		};
		F5D54A552721038600FF8DE7 /* Controllers */ = {
			isa = PBXGroup;
			children = (
				F5D54A3D272102DE00FF8DE7 /* MacroAppApp.swift */,
			);
			path = Controllers;
			sourceTree = "<group>";
		};
		F5D54A562721038F00FF8DE7 /* Views */ = {
			isa = PBXGroup;
			children = (
				F5D54A582721054700FF8DE7 /* Support Views */,
				F5645BEB2743E67000D5859E /* NotfoundStateView.swift */,
				F5645BE92743E3A400D5859E /* OfflineStateView.swift */,
				F5B61CC227395A8100F1EF38 /* YudistiraListView.swift */,
				F53AE80C27328AE7009E9853 /* PasteViewScene.swift */,
				F5D54A3F272102DE00FF8DE7 /* MainView.swift */,
				F53AE80927328364009E9853 /* OnBoardingScene.swift */,
			);
			path = Views;
			sourceTree = "<group>";
		};
		F5D54A572721039700FF8DE7 /* Models */ = {
			isa = PBXGroup;
			children = (
				F5645BE72743E1E000D5859E /* Dummy models */,
				F57ED64E272DBD960076DA18 /* APIYudistiraModel.swift */,
				6D4A3A4527446F5D00958B4E /* APIGoogleModel.swift */,
				F5B61CC427395C5000F1EF38 /* NewsYudistiraModel.swift */,
			);
			path = Models;
			sourceTree = "<group>";
		};
		F5D54A582721054700FF8DE7 /* Support Views */ = {
			isa = PBXGroup;
			children = (
				F5645BED2743E87E00D5859E /* Notfound State support */,
				F5645BE62743E1BE00D5859E /* Dummy page */,
				F53AE8142732D734009E9853 /* Dummy ListView Support */,
				F5645BC1274077CD00D5859E /* Launch */,
				F5645BBE2740528000D5859E /* Detail View support */,
				F5B61CBD2738F1DF00F1EF38 /* List View support */,
				F53AE80B27328ABA009E9853 /* Paste View support */,
				F53AE800273281E0009E9853 /* Onboarding support */,
			);
			path = "Support Views";
			sourceTree = "<group>";
		};
/* End PBXGroup section */

/* Begin PBXNativeTarget section */
		F5D54A39272102DE00FF8DE7 /* MacroApp */ = {
			isa = PBXNativeTarget;
			buildConfigurationList = F5D54A4D272102E100FF8DE7 /* Build configuration list for PBXNativeTarget "MacroApp" */;
			buildPhases = (
				D9F16D0F2EE5CB8256B951B8 /* [CP] Check Pods Manifest.lock */,
				F5D54A36272102DE00FF8DE7 /* Sources */,
				F5D54A37272102DE00FF8DE7 /* Frameworks */,
				F5D54A38272102DE00FF8DE7 /* Resources */,
				79047CC6631BB39A77BEE8AB /* [CP] Embed Pods Frameworks */,
			);
			buildRules = (
			);
			dependencies = (
			);
			name = MacroApp;
			packageProductDependencies = (
				F5EF6CE4273A615500693636 /* Shimmer */,
				F5645BB827400B1200D5859E /* SwiftUINavigationBarStyling */,
			);
			productName = MacroApp;
			productReference = F5D54A3A272102DE00FF8DE7 /* MacroApp.app */;
			productType = "com.apple.product-type.application";
		};
/* End PBXNativeTarget section */

/* Begin PBXProject section */
		F5D54A32272102DE00FF8DE7 /* Project object */ = {
			isa = PBXProject;
			attributes = {
				BuildIndependentTargetsInParallel = 1;
				LastSwiftUpdateCheck = 1300;
				LastUpgradeCheck = 1300;
				TargetAttributes = {
					F5D54A39272102DE00FF8DE7 = {
						CreatedOnToolsVersion = 13.0;
					};
				};
			};
			buildConfigurationList = F5D54A35272102DE00FF8DE7 /* Build configuration list for PBXProject "MacroApp" */;
			compatibilityVersion = "Xcode 13.0";
			developmentRegion = en;
			hasScannedForEncodings = 0;
			knownRegions = (
				en,
				Base,
			);
			mainGroup = F5D54A31272102DE00FF8DE7;
			packageReferences = (
				F5EF6CE3273A615500693636 /* XCRemoteSwiftPackageReference "SwiftUI-Shimmer" */,
				F5645BB727400B1200D5859E /* XCRemoteSwiftPackageReference "swiftui-navigation-bar-styling" */,
			);
			productRefGroup = F5D54A3B272102DE00FF8DE7 /* Products */;
			projectDirPath = "";
			projectRoot = "";
			targets = (
				F5D54A39272102DE00FF8DE7 /* MacroApp */,
			);
		};
/* End PBXProject section */

/* Begin PBXResourcesBuildPhase section */
		F5D54A38272102DE00FF8DE7 /* Resources */ = {
			isa = PBXResourcesBuildPhase;
			buildActionMask = 2147483647;
			files = (
				F5D54A45272102E100FF8DE7 /* Preview Assets.xcassets in Resources */,
				F5D54A42272102E100FF8DE7 /* Assets.xcassets in Resources */,
			);
			runOnlyForDeploymentPostprocessing = 0;
		};
/* End PBXResourcesBuildPhase section */

/* Begin PBXShellScriptBuildPhase section */
		79047CC6631BB39A77BEE8AB /* [CP] Embed Pods Frameworks */ = {
			isa = PBXShellScriptBuildPhase;
			buildActionMask = 2147483647;
			files = (
			);
			inputFileListPaths = (
				"${PODS_ROOT}/Target Support Files/Pods-MacroApp/Pods-MacroApp-frameworks-${CONFIGURATION}-input-files.xcfilelist",
			);
			name = "[CP] Embed Pods Frameworks";
			outputFileListPaths = (
				"${PODS_ROOT}/Target Support Files/Pods-MacroApp/Pods-MacroApp-frameworks-${CONFIGURATION}-output-files.xcfilelist",
			);
			runOnlyForDeploymentPostprocessing = 0;
			shellPath = /bin/sh;
			shellScript = "\"${PODS_ROOT}/Target Support Files/Pods-MacroApp/Pods-MacroApp-frameworks.sh\"\n";
			showEnvVarsInLog = 0;
		};
		D9F16D0F2EE5CB8256B951B8 /* [CP] Check Pods Manifest.lock */ = {
			isa = PBXShellScriptBuildPhase;
			buildActionMask = 2147483647;
			files = (
			);
			inputFileListPaths = (
			);
			inputPaths = (
				"${PODS_PODFILE_DIR_PATH}/Podfile.lock",
				"${PODS_ROOT}/Manifest.lock",
			);
			name = "[CP] Check Pods Manifest.lock";
			outputFileListPaths = (
			);
			outputPaths = (
				"$(DERIVED_FILE_DIR)/Pods-MacroApp-checkManifestLockResult.txt",
			);
			runOnlyForDeploymentPostprocessing = 0;
			shellPath = /bin/sh;
			shellScript = "diff \"${PODS_PODFILE_DIR_PATH}/Podfile.lock\" \"${PODS_ROOT}/Manifest.lock\" > /dev/null\nif [ $? != 0 ] ; then\n    # print error to STDERR\n    echo \"error: The sandbox is not in sync with the Podfile.lock. Run 'pod install' or update your CocoaPods installation.\" >&2\n    exit 1\nfi\n# This output is used by Xcode 'outputs' to avoid re-running this script phase.\necho \"SUCCESS\" > \"${SCRIPT_OUTPUT_FILE_0}\"\n";
			showEnvVarsInLog = 0;
		};
/* End PBXShellScriptBuildPhase section */

/* Begin PBXSourcesBuildPhase section */
		F5D54A36272102DE00FF8DE7 /* Sources */ = {
			isa = PBXSourcesBuildPhase;
			buildActionMask = 2147483647;
			files = (
				F53AE82A273412D6009E9853 /* DateFormatter.swift in Sources */,
				F5D54A4A272102E100FF8DE7 /* MacroApp.xcdatamodeld in Sources */,
				F53AE81A2732DFF6009E9853 /* URLImage.swift in Sources */,
				F53AE808273282D9009E9853 /* ButtonStartOnboarding.swift in Sources */,
				F5D54A47272102E100FF8DE7 /* Persistence.swift in Sources */,
				F53AE81127328B1E009E9853 /* CopastView.swift in Sources */,
				F53AE802273281FE009E9853 /* Color.swift in Sources */,
				F5645BC3274077E400D5859E /* LaunchScreen.swift in Sources */,
				F53AE8182732DE3D009E9853 /* DummyApiService.swift in Sources */,
				F53AE8242733971F009E9853 /* DummyListView.swift in Sources */,
				F53AE8282733A85E009E9853 /* DetailViewSupport.swift in Sources */,
				F5D54A40272102DE00FF8DE7 /* MainView.swift in Sources */,
				F5CF72AD27464CB6008BBB77 /* tf_idf.swift in Sources */,
				F5645BBB27400F4B00D5859E /* LabelMafindo.swift in Sources */,
				F593A68E272FAEF800B065AB /* ApiServiceYudistira.swift in Sources */,
				F53AE82627339888009E9853 /* DummyListSupport.swift in Sources */,
				F53AE81F2732ECEF009E9853 /* NewsAPIModel.swift in Sources */,
				6D4A3A4627446F5D00958B4E /* APIGoogleModel.swift in Sources */,
				F53AE804273282A4009E9853 /* HeaderOnboarding.swift in Sources */,
				F53AE8212732EEEC009E9853 /* NewsApiService.swift in Sources */,
				F5E504A3273D65050088FDE1 /* Theme.swift in Sources */,
				F5645BEF2743E8B300D5859E /* SearchEngineButton.swift in Sources */,
				F5D54A3E272102DE00FF8DE7 /* MacroAppApp.swift in Sources */,
				F53AE806273282BB009E9853 /* CardOnboarding.swift in Sources */,
				F53AE81327328B32009E9853 /* StartSearchButton.swift in Sources */,
				F53AE80D27328AE7009E9853 /* PasteViewScene.swift in Sources */,
				F53AE8162732D76E009E9853 /* SearchListView.swift in Sources */,
				F5B61CC12738F23900F1EF38 /* ListDetailViewSupport.swift in Sources */,
				F5645BBD27402AF100D5859E /* RoundedExtension.swift in Sources */,
				F5645BC0274052A500D5859E /* TopListDetailView.swift in Sources */,
				F5645BEC2743E67000D5859E /* NotfoundStateView.swift in Sources */,
				F53AE80A27328364009E9853 /* OnBoardingScene.swift in Sources */,
				F57ED64F272DBD960076DA18 /* APIYudistiraModel.swift in Sources */,
				F5E504A1273D3A850088FDE1 /* CustomTextEditor.swift in Sources */,
				6D4A3A482744700300958B4E /* ApiServiceGoogle.swift in Sources */,
				F5B61CBF2738F21E00F1EF38 /* YudistiraListViewSupport.swift in Sources */,
				F53AE80F27328B0B009E9853 /* HeaderView.swift in Sources */,
				F5645BEA2743E3A500D5859E /* OfflineStateView.swift in Sources */,
				6D387B9127389AEE002F406A /* ClearButton.swift in Sources */,
				F5B61CC327395A8100F1EF38 /* YudistiraListView.swift in Sources */,
				F5B61CC527395C5000F1EF38 /* NewsYudistiraModel.swift in Sources */,
			);
			runOnlyForDeploymentPostprocessing = 0;
		};
/* End PBXSourcesBuildPhase section */

/* Begin XCBuildConfiguration section */
		F5D54A4B272102E100FF8DE7 /* Debug */ = {
			isa = XCBuildConfiguration;
			buildSettings = {
				ALWAYS_SEARCH_USER_PATHS = NO;
				CLANG_ANALYZER_NONNULL = YES;
				CLANG_ANALYZER_NUMBER_OBJECT_CONVERSION = YES_AGGRESSIVE;
				CLANG_CXX_LANGUAGE_STANDARD = "gnu++17";
				CLANG_CXX_LIBRARY = "libc++";
				CLANG_ENABLE_MODULES = YES;
				CLANG_ENABLE_OBJC_ARC = YES;
				CLANG_ENABLE_OBJC_WEAK = YES;
				CLANG_WARN_BLOCK_CAPTURE_AUTORELEASING = YES;
				CLANG_WARN_BOOL_CONVERSION = YES;
				CLANG_WARN_COMMA = YES;
				CLANG_WARN_CONSTANT_CONVERSION = YES;
				CLANG_WARN_DEPRECATED_OBJC_IMPLEMENTATIONS = YES;
				CLANG_WARN_DIRECT_OBJC_ISA_USAGE = YES_ERROR;
				CLANG_WARN_DOCUMENTATION_COMMENTS = YES;
				CLANG_WARN_EMPTY_BODY = YES;
				CLANG_WARN_ENUM_CONVERSION = YES;
				CLANG_WARN_INFINITE_RECURSION = YES;
				CLANG_WARN_INT_CONVERSION = YES;
				CLANG_WARN_NON_LITERAL_NULL_CONVERSION = YES;
				CLANG_WARN_OBJC_IMPLICIT_RETAIN_SELF = YES;
				CLANG_WARN_OBJC_LITERAL_CONVERSION = YES;
				CLANG_WARN_OBJC_ROOT_CLASS = YES_ERROR;
				CLANG_WARN_QUOTED_INCLUDE_IN_FRAMEWORK_HEADER = YES;
				CLANG_WARN_RANGE_LOOP_ANALYSIS = YES;
				CLANG_WARN_STRICT_PROTOTYPES = YES;
				CLANG_WARN_SUSPICIOUS_MOVE = YES;
				CLANG_WARN_UNGUARDED_AVAILABILITY = YES_AGGRESSIVE;
				CLANG_WARN_UNREACHABLE_CODE = YES;
				CLANG_WARN__DUPLICATE_METHOD_MATCH = YES;
				COPY_PHASE_STRIP = NO;
				DEBUG_INFORMATION_FORMAT = dwarf;
				ENABLE_STRICT_OBJC_MSGSEND = YES;
				ENABLE_TESTABILITY = YES;
				GCC_C_LANGUAGE_STANDARD = gnu11;
				GCC_DYNAMIC_NO_PIC = NO;
				GCC_NO_COMMON_BLOCKS = YES;
				GCC_OPTIMIZATION_LEVEL = 0;
				GCC_PREPROCESSOR_DEFINITIONS = (
					"DEBUG=1",
					"$(inherited)",
				);
				GCC_WARN_64_TO_32_BIT_CONVERSION = YES;
				GCC_WARN_ABOUT_RETURN_TYPE = YES_ERROR;
				GCC_WARN_UNDECLARED_SELECTOR = YES;
				GCC_WARN_UNINITIALIZED_AUTOS = YES_AGGRESSIVE;
				GCC_WARN_UNUSED_FUNCTION = YES;
				GCC_WARN_UNUSED_VARIABLE = YES;
				IPHONEOS_DEPLOYMENT_TARGET = 14.0;
				MTL_ENABLE_DEBUG_INFO = INCLUDE_SOURCE;
				MTL_FAST_MATH = YES;
				ONLY_ACTIVE_ARCH = YES;
				SDKROOT = iphoneos;
				SWIFT_ACTIVE_COMPILATION_CONDITIONS = DEBUG;
				SWIFT_OPTIMIZATION_LEVEL = "-Onone";
			};
			name = Debug;
		};
		F5D54A4C272102E100FF8DE7 /* Release */ = {
			isa = XCBuildConfiguration;
			buildSettings = {
				ALWAYS_SEARCH_USER_PATHS = NO;
				CLANG_ANALYZER_NONNULL = YES;
				CLANG_ANALYZER_NUMBER_OBJECT_CONVERSION = YES_AGGRESSIVE;
				CLANG_CXX_LANGUAGE_STANDARD = "gnu++17";
				CLANG_CXX_LIBRARY = "libc++";
				CLANG_ENABLE_MODULES = YES;
				CLANG_ENABLE_OBJC_ARC = YES;
				CLANG_ENABLE_OBJC_WEAK = YES;
				CLANG_WARN_BLOCK_CAPTURE_AUTORELEASING = YES;
				CLANG_WARN_BOOL_CONVERSION = YES;
				CLANG_WARN_COMMA = YES;
				CLANG_WARN_CONSTANT_CONVERSION = YES;
				CLANG_WARN_DEPRECATED_OBJC_IMPLEMENTATIONS = YES;
				CLANG_WARN_DIRECT_OBJC_ISA_USAGE = YES_ERROR;
				CLANG_WARN_DOCUMENTATION_COMMENTS = YES;
				CLANG_WARN_EMPTY_BODY = YES;
				CLANG_WARN_ENUM_CONVERSION = YES;
				CLANG_WARN_INFINITE_RECURSION = YES;
				CLANG_WARN_INT_CONVERSION = YES;
				CLANG_WARN_NON_LITERAL_NULL_CONVERSION = YES;
				CLANG_WARN_OBJC_IMPLICIT_RETAIN_SELF = YES;
				CLANG_WARN_OBJC_LITERAL_CONVERSION = YES;
				CLANG_WARN_OBJC_ROOT_CLASS = YES_ERROR;
				CLANG_WARN_QUOTED_INCLUDE_IN_FRAMEWORK_HEADER = YES;
				CLANG_WARN_RANGE_LOOP_ANALYSIS = YES;
				CLANG_WARN_STRICT_PROTOTYPES = YES;
				CLANG_WARN_SUSPICIOUS_MOVE = YES;
				CLANG_WARN_UNGUARDED_AVAILABILITY = YES_AGGRESSIVE;
				CLANG_WARN_UNREACHABLE_CODE = YES;
				CLANG_WARN__DUPLICATE_METHOD_MATCH = YES;
				COPY_PHASE_STRIP = NO;
				DEBUG_INFORMATION_FORMAT = "dwarf-with-dsym";
				ENABLE_NS_ASSERTIONS = NO;
				ENABLE_STRICT_OBJC_MSGSEND = YES;
				GCC_C_LANGUAGE_STANDARD = gnu11;
				GCC_NO_COMMON_BLOCKS = YES;
				GCC_WARN_64_TO_32_BIT_CONVERSION = YES;
				GCC_WARN_ABOUT_RETURN_TYPE = YES_ERROR;
				GCC_WARN_UNDECLARED_SELECTOR = YES;
				GCC_WARN_UNINITIALIZED_AUTOS = YES_AGGRESSIVE;
				GCC_WARN_UNUSED_FUNCTION = YES;
				GCC_WARN_UNUSED_VARIABLE = YES;
				IPHONEOS_DEPLOYMENT_TARGET = 14.0;
				MTL_ENABLE_DEBUG_INFO = NO;
				MTL_FAST_MATH = YES;
				SDKROOT = iphoneos;
				SWIFT_COMPILATION_MODE = wholemodule;
				SWIFT_OPTIMIZATION_LEVEL = "-O";
				VALIDATE_PRODUCT = YES;
			};
			name = Release;
		};
		F5D54A4E272102E100FF8DE7 /* Debug */ = {
			isa = XCBuildConfiguration;
			baseConfigurationReference = FC88C803D73D6DA6AD292E25 /* Pods-MacroApp.debug.xcconfig */;
			buildSettings = {
				ASSETCATALOG_COMPILER_APPICON_NAME = AppIcon;
				ASSETCATALOG_COMPILER_GLOBAL_ACCENT_COLOR_NAME = AccentColor;
				ASSETCATALOG_COMPILER_INCLUDE_ALL_APPICON_ASSETS = YES;
				CODE_SIGN_STYLE = Automatic;
				CURRENT_PROJECT_VERSION = 3;
				DEVELOPMENT_ASSET_PATHS = "\"MacroApp/Resources/Preview Content\"";
				DEVELOPMENT_TEAM = 72B4ASD893;
				ENABLE_PREVIEWS = YES;
				GENERATE_INFOPLIST_FILE = YES;
				INFOPLIST_FILE = MacroApp/Info.plist;
				INFOPLIST_KEY_CFBundleDisplayName = PerLu;
				INFOPLIST_KEY_UIApplicationSceneManifest_Generation = YES;
				INFOPLIST_KEY_UIApplicationSupportsIndirectInputEvents = YES;
				INFOPLIST_KEY_UISupportedInterfaceOrientations_iPad = "";
				INFOPLIST_KEY_UISupportedInterfaceOrientations_iPhone = UIInterfaceOrientationPortrait;
				INFOPLIST_KEY_UIUserInterfaceStyle = Light;
				IPHONEOS_DEPLOYMENT_TARGET = 14.0;
				LD_RUNPATH_SEARCH_PATHS = (
					"$(inherited)",
					"@executable_path/Frameworks",
				);
				MARKETING_VERSION = 0.1.2;
				PRODUCT_BUNDLE_IDENTIFIER = id.infiniteLearning.MacroApp;
				PRODUCT_NAME = "$(TARGET_NAME)";
				SWIFT_EMIT_LOC_STRINGS = YES;
				SWIFT_VERSION = 5.0;
				TARGETED_DEVICE_FAMILY = 1;
				UIUserInterfaceStyle = Light;
			};
			name = Debug;
		};
		F5D54A4F272102E100FF8DE7 /* Release */ = {
			isa = XCBuildConfiguration;
			baseConfigurationReference = BEE1CD981035C37D840A3069 /* Pods-MacroApp.release.xcconfig */;
			buildSettings = {
				ASSETCATALOG_COMPILER_APPICON_NAME = AppIcon;
				ASSETCATALOG_COMPILER_GLOBAL_ACCENT_COLOR_NAME = AccentColor;
				ASSETCATALOG_COMPILER_INCLUDE_ALL_APPICON_ASSETS = YES;
				CODE_SIGN_STYLE = Automatic;
				CURRENT_PROJECT_VERSION = 3;
				DEVELOPMENT_ASSET_PATHS = "\"MacroApp/Resources/Preview Content\"";
				DEVELOPMENT_TEAM = 72B4ASD893;
				ENABLE_PREVIEWS = YES;
				GENERATE_INFOPLIST_FILE = YES;
				INFOPLIST_FILE = MacroApp/Info.plist;
				INFOPLIST_KEY_CFBundleDisplayName = PerLu;
				INFOPLIST_KEY_UIApplicationSceneManifest_Generation = YES;
				INFOPLIST_KEY_UIApplicationSupportsIndirectInputEvents = YES;
				INFOPLIST_KEY_UISupportedInterfaceOrientations_iPad = "";
				INFOPLIST_KEY_UISupportedInterfaceOrientations_iPhone = UIInterfaceOrientationPortrait;
				INFOPLIST_KEY_UIUserInterfaceStyle = Light;
				IPHONEOS_DEPLOYMENT_TARGET = 14.0;
				LD_RUNPATH_SEARCH_PATHS = (
					"$(inherited)",
					"@executable_path/Frameworks",
				);
				MARKETING_VERSION = 0.1.2;
				PRODUCT_BUNDLE_IDENTIFIER = id.infiniteLearning.MacroApp;
				PRODUCT_NAME = "$(TARGET_NAME)";
				SWIFT_EMIT_LOC_STRINGS = YES;
				SWIFT_VERSION = 5.0;
				TARGETED_DEVICE_FAMILY = 1;
				UIUserInterfaceStyle = Light;
			};
			name = Release;
		};
/* End XCBuildConfiguration section */

/* Begin XCConfigurationList section */
		F5D54A35272102DE00FF8DE7 /* Build configuration list for PBXProject "MacroApp" */ = {
			isa = XCConfigurationList;
			buildConfigurations = (
				F5D54A4B272102E100FF8DE7 /* Debug */,
				F5D54A4C272102E100FF8DE7 /* Release */,
			);
			defaultConfigurationIsVisible = 0;
			defaultConfigurationName = Release;
		};
		F5D54A4D272102E100FF8DE7 /* Build configuration list for PBXNativeTarget "MacroApp" */ = {
			isa = XCConfigurationList;
			buildConfigurations = (
				F5D54A4E272102E100FF8DE7 /* Debug */,
				F5D54A4F272102E100FF8DE7 /* Release */,
			);
			defaultConfigurationIsVisible = 0;
			defaultConfigurationName = Release;
		};
/* End XCConfigurationList section */

/* Begin XCRemoteSwiftPackageReference section */
		F5645BB727400B1200D5859E /* XCRemoteSwiftPackageReference "swiftui-navigation-bar-styling" */ = {
			isa = XCRemoteSwiftPackageReference;
			repositoryURL = "https://github.com/globulus/swiftui-navigation-bar-styling.git";
			requirement = {
				kind = upToNextMajorVersion;
				minimumVersion = 1.0.0;
			};
		};
		F5EF6CE3273A615500693636 /* XCRemoteSwiftPackageReference "SwiftUI-Shimmer" */ = {
			isa = XCRemoteSwiftPackageReference;
			repositoryURL = "https://github.com/markiv/SwiftUI-Shimmer";
			requirement = {
				kind = upToNextMajorVersion;
				minimumVersion = 1.0.0;
			};
		};
/* End XCRemoteSwiftPackageReference section */

/* Begin XCSwiftPackageProductDependency section */
		F5645BB827400B1200D5859E /* SwiftUINavigationBarStyling */ = {
			isa = XCSwiftPackageProductDependency;
			package = F5645BB727400B1200D5859E /* XCRemoteSwiftPackageReference "swiftui-navigation-bar-styling" */;
			productName = SwiftUINavigationBarStyling;
		};
		F5EF6CE4273A615500693636 /* Shimmer */ = {
			isa = XCSwiftPackageProductDependency;
			package = F5EF6CE3273A615500693636 /* XCRemoteSwiftPackageReference "SwiftUI-Shimmer" */;
			productName = Shimmer;
		};
/* End XCSwiftPackageProductDependency section */

/* Begin XCVersionGroup section */
		F5D54A48272102E100FF8DE7 /* MacroApp.xcdatamodeld */ = {
			isa = XCVersionGroup;
			children = (
				F5D54A49272102E100FF8DE7 /* MacroApp.xcdatamodel */,
			);
			currentVersion = F5D54A49272102E100FF8DE7 /* MacroApp.xcdatamodel */;
			path = MacroApp.xcdatamodeld;
			sourceTree = "<group>";
			versionGroupType = wrapper.xcdatamodel;
		};
/* End XCVersionGroup section */
	};
	rootObject = F5D54A32272102DE00FF8DE7 /* Project object */;
}
