{
  "object": {
    "pins": [
      {
        "package": "KeyboardKit",
        "repositoryURL": "https://github.com/KeyboardKit/KeyboardKit.git",
        "state": {
          "branch": null,
          "revision": "b3a90d3be9aae253707e77988b0abafd2f9736f5",
          "version": "5.3.0"
        }
      },
      {
        "package": "SwiftUINavigationBarStyling",
        "repositoryURL": "https://github.com/globulus/swiftui-navigation-bar-styling.git",
        "state": {
          "branch": null,
          "revision": "c5fead346c79f64d3ad7e4e7f7b243647d8645f7",
          "version": "1.0.0"
        }
      },
      {
        "package": "SwiftUI-Shimmer",
        "repositoryURL": "https://github.com/markiv/SwiftUI-Shimmer",
        "state": {
          "branch": null,
          "revision": "61411771350a5a4e96666a8a202ae4b2be327a2b",
          "version": "1.0.1"
        }
      },
      {
        "package": "SwiftUIKit",
        "repositoryURL": "https://github.com/danielsaidi/SwiftUIKit.git",
        "state": {
          "branch": null,
          "revision": "7b38050373c6aafdaefe32a6fcfb8843b443a6d8",
          "version": "2.2.0"
        }
      }
    ]
  },
  "version": 1
}
